<?xml version="1.0" encoding="utf-8"?>
<Project ToolsVersion="16.0" xmlns="http://schemas.microsoft.com/developer/msbuild/2003">
  <ItemGroup>
    <ClCompile Include="C:\NerdThings\GraphicsCourse\CGHomework1\sandbox\src\Log.cpp">
      <Filter>src</Filter>
    </ClCompile>
    <ClCompile Include="C:\NerdThings\GraphicsCourse\CGHomework1\sandbox\src\image_math.cpp">
      <Filter>src</Filter>
    </ClCompile>
    <ClCompile Include="C:\NerdThings\GraphicsCourse\CGHomework1\sandbox\src\main.cpp">
      <Filter>src</Filter>
    </ClCompile>
    <ClCompile Include="C:\NerdThings\GraphicsCourse\CGHomework1\sandbox\src\ppm_image.cpp">
      <Filter>src</Filter>
    </ClCompile>
  </ItemGroup>
  <ItemGroup>
    <ClInclude Include="C:\NerdThings\GraphicsCourse\CGHomework1\sandbox\src\Log.h">
      <Filter>src</Filter>
    </ClInclude>
    <ClInclude Include="C:\NerdThings\GraphicsCourse\CGHomework1\sandbox\src\image_math.h">
      <Filter>src</Filter>
    </ClInclude>
    <ClInclude Include="C:\NerdThings\GraphicsCourse\CGHomework1\sandbox\src\ppm_image.h">
      <Filter>src</Filter>
    </ClInclude>
  </ItemGroup>
  <ItemGroup>
    <CustomBuild Include="C:\NerdThings\GraphicsCourse\CGHomework1\sandbox\CMakeLists.txt" />
  </ItemGroup>
  <ItemGroup>
    <Filter Include="src">
      <UniqueIdentifier>{84761FB9-6726-35DD-BD6F-4484574029CB}</UniqueIdentifier>
    </Filter>
  </ItemGroup>
</Project>
