<?xml version="1.0" encoding="utf-8"?>
<Project ToolsVersion="16.0" xmlns="http://schemas.microsoft.com/developer/msbuild/2003">
  <ItemGroup>
    <CustomBuild Include="C:\NerdThings\GraphicsCourse\CGHomework1\CMakeFiles\2422590e6724cfd7d301d3c7dd51f239\generate.stamp.rule">
      <Filter>CMake Rules</Filter>
    </CustomBuild>
  </ItemGroup>
  <ItemGroup>
    <Filter Include="CMake Rules">
      <UniqueIdentifier>{844313D0-32A1-38FB-8F87-9C1B57077206}</UniqueIdentifier>
    </Filter>
  </ItemGroup>
</Project>
